
Microsoft Visual Studio Solution File, Format Version 12.00
# Visual Studio 15
VisualStudioVersion = 15.0.28307.757
MinimumVisualStudioVersion = 10.0.40219.1
Project("{9A19103F-16F7-4668-BE54-9A1E7A4F7556}") = "BusinessObject", "BusinessObject\BusinessObject.csproj", "{377AA47A-687C-4C47-B750-D32DD16A92E9}"
EndProject
Project("{9A19103F-16F7-4668-BE54-9A1E7A4F7556}") = "RationCardRegisterWeb", "RationCardRegisterWeb\RationCardRegisterWeb.csproj", "{013AF544-A941-4D9E-AE31-2BC94305772E}"
EndProject
Project("{FAE04EC0-301F-11D3-BF4B-00C04F79EFBC}") = "DataProvider", "DataProvider\DataProvider.csproj", "{A70896C5-BECD-456D-B782-896A18866E46}"
EndProject
Global
	GlobalSection(SolutionConfigurationPlatforms) = preSolution
		Debug|Any CPU = Debug|Any CPU
		Release|Any CPU = Release|Any CPU
	EndGlobalSection
	GlobalSection(ProjectConfigurationPlatforms) = postSolution
		{377AA47A-687C-4C47-B750-D32DD16A92E9}.Debug|Any CPU.ActiveCfg = Debug|Any CPU
		{377AA47A-687C-4C47-B750-D32DD16A92E9}.Debug|Any CPU.Build.0 = Debug|Any CPU
		{377AA47A-687C-4C47-B750-D32DD16A92E9}.Release|Any CPU.ActiveCfg = Release|Any CPU
		{377AA47A-687C-4C47-B750-D32DD16A92E9}.Release|Any CPU.Build.0 = Release|Any CPU
		{013AF544-A941-4D9E-AE31-2BC94305772E}.Debug|Any CPU.ActiveCfg = Debug|Any CPU
		{013AF544-A941-4D9E-AE31-2BC94305772E}.Debug|Any CPU.Build.0 = Debug|Any CPU
		{013AF544-A941-4D9E-AE31-2BC94305772E}.Release|Any CPU.ActiveCfg = Release|Any CPU
		{013AF544-A941-4D9E-AE31-2BC94305772E}.Release|Any CPU.Build.0 = Release|Any CPU
		{A70896C5-BECD-456D-B782-896A18866E46}.Debug|Any CPU.ActiveCfg = Debug|Any CPU
		{A70896C5-BECD-456D-B782-896A18866E46}.Debug|Any CPU.Build.0 = Debug|Any CPU
		{A70896C5-BECD-456D-B782-896A18866E46}.Release|Any CPU.ActiveCfg = Release|Any CPU
		{A70896C5-BECD-456D-B782-896A18866E46}.Release|Any CPU.Build.0 = Release|Any CPU
	EndGlobalSection
	GlobalSection(SolutionProperties) = preSolution
		HideSolutionNode = FALSE
	EndGlobalSection
	GlobalSection(ExtensibilityGlobals) = postSolution
		SolutionGuid = {5C41A7CE-D237-4032-8F93-505C10FBD19A}
	EndGlobalSection
EndGlobal
